<Solution>
  <Project Path="Task1_HandmadeWorkshop/Task1_HandmadeWorkshop.csproj" />
  <Project Path="Task2_TagAnalyzer/Task2_TagAnalyzer.csproj" />
  <Project Path="Task3_Accounting/Task3_Accounting.csproj" Id="fe373051-ae4b-4620-b29a-ce2198d21f43" />
  <Project Path="Task4_ShoppingList/Task4_ShoppingList.csproj" />
  <Project Path="Task5_Dictionary/Task5_Dictionary.csproj" />
</Solution>
